
Microsoft Visual Studio Solution File, Format Version 10.00
# Visual Studio 2008
Project("{8BC9CEB8-8B4A-11D0-8D11-00A0C91BC942}") = "kalmanmfc", "kalmanmfc\kalmanmfc.vcproj", "{39D4F72D-3C9C-471F-A69B-A19F944F7CE2}"
EndProject
Global
	GlobalSection(SolutionConfigurationPlatforms) = preSolution
		Debug|Win32 = Debug|Win32
		Release|Win32 = Release|Win32
	EndGlobalSection
	GlobalSection(ProjectConfigurationPlatforms) = postSolution
		{39D4F72D-3C9C-471F-A69B-A19F944F7CE2}.Debug|Win32.ActiveCfg = Debug|Win32
		{39D4F72D-3C9C-471F-A69B-A19F944F7CE2}.Debug|Win32.Build.0 = Debug|Win32
		{39D4F72D-3C9C-471F-A69B-A19F944F7CE2}.Release|Win32.ActiveCfg = Release|Win32
		{39D4F72D-3C9C-471F-A69B-A19F944F7CE2}.Release|Win32.Build.0 = Release|Win32
	EndGlobalSection
	GlobalSection(SolutionProperties) = preSolution
		HideSolutionNode = FALSE
	EndGlobalSection
EndGlobal
