
Microsoft Visual Studio Solution File, Format Version 9.00
# Visual Studio 2005
Project("{FAE04EC0-301F-11D3-BF4B-00C04F79EFBC}") = "DotFermion.IFilters", "DotFermion.IFilters\DotFermion.IFilters.csproj", "{297276C9-009B-4647-9954-5B97FD228F75}"
EndProject
Global
	GlobalSection(SolutionConfigurationPlatforms) = preSolution
		Debug|Any CPU = Debug|Any CPU
		Release|Any CPU = Release|Any CPU
	EndGlobalSection
	GlobalSection(ProjectConfigurationPlatforms) = postSolution
		{297276C9-009B-4647-9954-5B97FD228F75}.Debug|Any CPU.ActiveCfg = Debug|Any CPU
		{297276C9-009B-4647-9954-5B97FD228F75}.Debug|Any CPU.Build.0 = Debug|Any CPU
		{297276C9-009B-4647-9954-5B97FD228F75}.Release|Any CPU.ActiveCfg = Release|Any CPU
		{297276C9-009B-4647-9954-5B97FD228F75}.Release|Any CPU.Build.0 = Release|Any CPU
	EndGlobalSection
	GlobalSection(SolutionProperties) = preSolution
		HideSolutionNode = FALSE
	EndGlobalSection
EndGlobal
