
Microsoft Visual Studio Solution File, Format Version 9.00
# Visual Studio 2005
Project("{FAE04EC0-301F-11D3-BF4B-00C04F79EFBC}") = "prayttmobile", "prayttmobile\prayttmobile.csproj", "{D6EBA639-3D48-4611-959D-DC4B2C1BE8EB}"
EndProject
Global
	GlobalSection(SolutionConfigurationPlatforms) = preSolution
		Debug|Any CPU = Debug|Any CPU
		Release|Any CPU = Release|Any CPU
	EndGlobalSection
	GlobalSection(ProjectConfigurationPlatforms) = postSolution
		{D6EBA639-3D48-4611-959D-DC4B2C1BE8EB}.Debug|Any CPU.ActiveCfg = Debug|Any CPU
		{D6EBA639-3D48-4611-959D-DC4B2C1BE8EB}.Debug|Any CPU.Build.0 = Debug|Any CPU
		{D6EBA639-3D48-4611-959D-DC4B2C1BE8EB}.Debug|Any CPU.Deploy.0 = Debug|Any CPU
		{D6EBA639-3D48-4611-959D-DC4B2C1BE8EB}.Release|Any CPU.ActiveCfg = Release|Any CPU
		{D6EBA639-3D48-4611-959D-DC4B2C1BE8EB}.Release|Any CPU.Build.0 = Release|Any CPU
		{D6EBA639-3D48-4611-959D-DC4B2C1BE8EB}.Release|Any CPU.Deploy.0 = Release|Any CPU
	EndGlobalSection
	GlobalSection(SolutionProperties) = preSolution
		HideSolutionNode = FALSE
	EndGlobalSection
EndGlobal
